Microsoft Visual Studio Solution File, Format Version 12.00
# Visual Studio Version 17
VisualStudioVersion = 17.5.2.0
MinimumVisualStudioVersion = 10.0.40219.1
Project("{FAE04EC0-301F-11D3-BF4B-00C04F79EFBC}") = "ChatFrontend", "ChatFrontend.csproj", "{7F1E97ED-3F0A-2383-CB89-5A9C413FBB74}"
EndProject
Global
	GlobalSection(SolutionConfigurationPlatforms) = preSolution
		Debug|Any CPU = Debug|Any CPU
		Release|Any CPU = Release|Any CPU
	EndGlobalSection
	GlobalSection(ProjectConfigurationPlatforms) = postSolution
		{7F1E97ED-3F0A-2383-CB89-5A9C413FBB74}.Debug|Any CPU.ActiveCfg = Debug|Any CPU
		{7F1E97ED-3F0A-2383-CB89-5A9C413FBB74}.Debug|Any CPU.Build.0 = Debug|Any CPU
		{7F1E97ED-3F0A-2383-CB89-5A9C413FBB74}.Release|Any CPU.ActiveCfg = Release|Any CPU
		{7F1E97ED-3F0A-2383-CB89-5A9C413FBB74}.Release|Any CPU.Build.0 = Release|Any CPU
	EndGlobalSection
	GlobalSection(SolutionProperties) = preSolution
		HideSolutionNode = FALSE
	EndGlobalSection
	GlobalSection(ExtensibilityGlobals) = postSolution
		SolutionGuid = {F9E13529-CFF0-4448-A8D6-CC3FA0976043}
	EndGlobalSection
EndGlobal
